
Microsoft Visual Studio Solution File, Format Version 12.00
Project("{FAE04EC0-301F-11D3-BF4B-00C04F79EFBC}") = "SecretManagerBot", "SecretManagerBot\SecretManagerBot.csproj", "{F516EBEF-FF44-407A-986E-B3D337F74FBE}"
EndProject
Project("{2150E333-8FDC-42A3-9474-1A3956D46DE8}") = "Solution Items", "Solution Items", "{2A3E5BF5-E750-47CA-9F94-A163DD12CFAB}"
	ProjectSection(SolutionItems) = preProject
		docker-compose.yml = docker-compose.yml
	EndProjectSection
EndProject
Global
	GlobalSection(SolutionConfigurationPlatforms) = preSolution
		Debug|Any CPU = Debug|Any CPU
		Release|Any CPU = Release|Any CPU
	EndGlobalSection
	GlobalSection(ProjectConfigurationPlatforms) = postSolution
		{F516EBEF-FF44-407A-986E-B3D337F74FBE}.Debug|Any CPU.ActiveCfg = Debug|Any CPU
		{F516EBEF-FF44-407A-986E-B3D337F74FBE}.Debug|Any CPU.Build.0 = Debug|Any CPU
		{F516EBEF-FF44-407A-986E-B3D337F74FBE}.Release|Any CPU.ActiveCfg = Release|Any CPU
		{F516EBEF-FF44-407A-986E-B3D337F74FBE}.Release|Any CPU.Build.0 = Release|Any CPU
	EndGlobalSection
EndGlobal
